<?xml version="1.0" encoding="utf-8"?>
<Project ToolsVersion="4.0" xmlns="http://schemas.microsoft.com/developer/msbuild/2003">
  <ItemGroup>
    <Filter Include="Resource Files">
      <UniqueIdentifier>{D9D6E242-F8AF-46E4-B9FD-80ECBC20BA3E}</UniqueIdentifier>
      <Extensions>qrc;*</Extensions>
      <ParseFiles>false</ParseFiles>
    </Filter>
    <Filter Include="Form Files">
      <UniqueIdentifier>{99349809-55BA-4b9d-BF79-8FDBB0286EB3}</UniqueIdentifier>
      <Extensions>ui</Extensions>
    </Filter>
    <Filter Include="Resource Files">
      <UniqueIdentifier>{D9D6E242-F8AF-46E4-B9FD-80ECBC20BA3E}</UniqueIdentifier>
      <Extensions>qrc;*</Extensions>
      <ParseFiles>false</ParseFiles>
    </Filter>
    <Filter Include="Generated Files">
      <UniqueIdentifier>{71ED8ED8-ACB9-4CE9-BBE1-E00B30144E11}</UniqueIdentifier>
      <Extensions>moc;h;cpp</Extensions>
      <SourceControlFiles>False</SourceControlFiles>
    </Filter>
    <Filter Include="db">
      <UniqueIdentifier>{a41ef532-0efb-43a0-b0ba-d32591a7c3be}</UniqueIdentifier>
    </Filter>
    <Filter Include="util">
      <UniqueIdentifier>{fde41a9f-2b6e-47bf-b5bc-78c6fa0f36cb}</UniqueIdentifier>
    </Filter>
    <Filter Include="Translation Files">
      <UniqueIdentifier>{639EADAA-A684-42e4-A9AD-28FC9BCB8F7C}</UniqueIdentifier>
      <Extensions>ts</Extensions>
      <ParseFiles>false</ParseFiles>
    </Filter>
    <Filter Include="ui">
      <UniqueIdentifier>{200c3bf7-4270-4f21-9511-287c78fb3294}</UniqueIdentifier>
    </Filter>
    <Filter Include="main">
      <UniqueIdentifier>{98a8e0db-a27e-4e55-8dff-e85bf6e5a284}</UniqueIdentifier>
    </Filter>
    <Filter Include="model">
      <UniqueIdentifier>{e7a458df-687d-4e7d-8586-eb070306a60d}</UniqueIdentifier>
    </Filter>
  </ItemGroup>
  <ItemGroup>
    <ClCompile Include="dbUser.cpp">
      <Filter>db</Filter>
    </ClCompile>
    <ClCompile Include="dbServer.cpp">
      <Filter>db</Filter>
    </ClCompile>
    <ClCompile Include="dbDef.cpp">
      <Filter>db</Filter>
    </ClCompile>
    <ClCompile Include="utils.cpp">
      <Filter>util</Filter>
    </ClCompile>
    <ClCompile Include="dbConfig.cpp">
      <Filter>db</Filter>
    </ClCompile>
    <ClCompile Include="guiUtil.cpp">
      <Filter>util</Filter>
    </ClCompile>
    <ClCompile Include="timeUtil.cpp">
      <Filter>util</Filter>
    </ClCompile>
    <ClCompile Include="main.cpp">
      <Filter>main</Filter>
    </ClCompile>
    <ClCompile Include="stdafx.cpp">
      <Filter>main</Filter>
    </ClCompile>
    <ClCompile Include="DlgLanguage.cpp">
      <Filter>ui</Filter>
    </ClCompile>
    <ClCompile Include="DlgSettings.cpp">
      <Filter>ui</Filter>
    </ClCompile>
    <ClCompile Include="LoginUserItem.cpp">
      <Filter>ui</Filter>
    </ClCompile>
    <ClCompile Include="TOPLauncherMainWindow.cpp">
      <Filter>ui</Filter>
    </ClCompile>
    <ClCompile Include="AppModel.cpp">
      <Filter>model</Filter>
    </ClCompile>
    <ClCompile Include="gameConfigUtil.cpp">
      <Filter>util</Filter>
    </ClCompile>
  </ItemGroup>
  <ItemGroup>
    <ClInclude Include="dbUser.h">
      <Filter>db</Filter>
    </ClInclude>
    <ClInclude Include="dbServer.h">
      <Filter>db</Filter>
    </ClInclude>
    <ClInclude Include="dbDef.h">
      <Filter>db</Filter>
    </ClInclude>
    <ClInclude Include="utils.h">
      <Filter>util</Filter>
    </ClInclude>
    <ClInclude Include="dbConfig.h">
      <Filter>db</Filter>
    </ClInclude>
    <ClInclude Include="guiUtil.h">
      <Filter>util</Filter>
    </ClInclude>
    <ClInclude Include="timeUtil.h">
      <Filter>util</Filter>
    </ClInclude>
    <ClInclude Include="stdafx.h">
      <Filter>main</Filter>
    </ClInclude>
    <ClInclude Include="AppModel.h">
      <Filter>model</Filter>
    </ClInclude>
    <ClInclude Include="gameConfigUtil.h">
      <Filter>util</Filter>
    </ClInclude>
    <ClInclude Include="resource.h">
      <Filter>Generated Files</Filter>
    </ClInclude>
  </ItemGroup>
  <ItemGroup>
    <QtMoc Include="DlgLanguage.h">
      <Filter>ui</Filter>
    </QtMoc>
    <QtMoc Include="DlgSettings.h">
      <Filter>ui</Filter>
    </QtMoc>
    <QtMoc Include="LoginUserItem.h">
      <Filter>ui</Filter>
    </QtMoc>
    <QtMoc Include="TOPLauncherMainWindow.h">
      <Filter>ui</Filter>
    </QtMoc>
  </ItemGroup>
  <ItemGroup>
    <QtUic Include="TOPLauncher.ui">
      <Filter>Form Files</Filter>
    </QtUic>
    <QtUic Include="DlgSettings.ui">
      <Filter>Form Files</Filter>
    </QtUic>
    <QtUic Include="DlgLanguage.ui">
      <Filter>Form Files</Filter>
    </QtUic>
    <QtUic Include="LoginUserItem.ui">
      <Filter>Form Files</Filter>
    </QtUic>
  </ItemGroup>
  <ItemGroup>
    <QtRcc Include="TOPLauncher.qrc">
      <Filter>Resource Files</Filter>
    </QtRcc>
  </ItemGroup>
  <ItemGroup>
    <ResourceCompile Include="TOPLauncher.rc" />
  </ItemGroup>
</Project>